
Microsoft Visual Studio Solution File, Format Version 12.00
# Visual Studio Version 17
VisualStudioVersion = 17.11.35327.3
MinimumVisualStudioVersion = 10.0.40219.1
Project("{FAE04EC0-301F-11D3-BF4B-00C04F79EFBC}") = "DiscussHere", "DiscussHere\DiscussHere.csproj", "{1E8B28A2-5809-4DAB-BDC1-5B53A83ECEDC}"
EndProject
Global
	GlobalSection(SolutionConfigurationPlatforms) = preSolution
		Debug|Any CPU = Debug|Any CPU
		Release|Any CPU = Release|Any CPU
	EndGlobalSection
	GlobalSection(ProjectConfigurationPlatforms) = postSolution
		{1E8B28A2-5809-4DAB-BDC1-5B53A83ECEDC}.Debug|Any CPU.ActiveCfg = Debug|Any CPU
		{1E8B28A2-5809-4DAB-BDC1-5B53A83ECEDC}.Debug|Any CPU.Build.0 = Debug|Any CPU
		{1E8B28A2-5809-4DAB-BDC1-5B53A83ECEDC}.Release|Any CPU.ActiveCfg = Release|Any CPU
		{1E8B28A2-5809-4DAB-BDC1-5B53A83ECEDC}.Release|Any CPU.Build.0 = Release|Any CPU
	EndGlobalSection
	GlobalSection(SolutionProperties) = preSolution
		HideSolutionNode = FALSE
	EndGlobalSection
	GlobalSection(ExtensibilityGlobals) = postSolution
		SolutionGuid = {686498DF-7A2A-4F17-8D65-161B5A1132AE}
	EndGlobalSection
EndGlobal
